
Microsoft Visual Studio Solution File, Format Version 12.00
# Visual Studio Version 17
VisualStudioVersion = 17.9.34701.34
MinimumVisualStudioVersion = 10.0.40219.1
Project("{FAE04EC0-301F-11D3-BF4B-00C04F79EFBC}") = "guss_number", "guss_number\guss_number.csproj", "{EB2FD533-C7D0-41BC-BC8A-A1211178FF30}"
EndProject
Global
	GlobalSection(SolutionConfigurationPlatforms) = preSolution
		Debug|Any CPU = Debug|Any CPU
		Release|Any CPU = Release|Any CPU
	EndGlobalSection
	GlobalSection(ProjectConfigurationPlatforms) = postSolution
		{EB2FD533-C7D0-41BC-BC8A-A1211178FF30}.Debug|Any CPU.ActiveCfg = Debug|Any CPU
		{EB2FD533-C7D0-41BC-BC8A-A1211178FF30}.Debug|Any CPU.Build.0 = Debug|Any CPU
		{EB2FD533-C7D0-41BC-BC8A-A1211178FF30}.Release|Any CPU.ActiveCfg = Release|Any CPU
		{EB2FD533-C7D0-41BC-BC8A-A1211178FF30}.Release|Any CPU.Build.0 = Release|Any CPU
	EndGlobalSection
	GlobalSection(SolutionProperties) = preSolution
		HideSolutionNode = FALSE
	EndGlobalSection
	GlobalSection(ExtensibilityGlobals) = postSolution
		SolutionGuid = {FE440AE9-980E-42D5-98A5-C6C181879FE7}
	EndGlobalSection
EndGlobal
